
Microsoft Visual Studio Solution File, Format Version 12.00
# Visual Studio Version 17
VisualStudioVersion = 17.9.34728.123
MinimumVisualStudioVersion = 10.0.40219.1
Project("{FAE04EC0-301F-11D3-BF4B-00C04F79EFBC}") = "MagicVilla_CouponAPI", "MagicVilla_CouponAPI\MagicVilla_CouponAPI.csproj", "{70635314-5AD5-4EF5-B426-1530DEADA3FB}"
EndProject
Global
	GlobalSection(SolutionConfigurationPlatforms) = preSolution
		Debug|Any CPU = Debug|Any CPU
		Release|Any CPU = Release|Any CPU
	EndGlobalSection
	GlobalSection(ProjectConfigurationPlatforms) = postSolution
		{70635314-5AD5-4EF5-B426-1530DEADA3FB}.Debug|Any CPU.ActiveCfg = Debug|Any CPU
		{70635314-5AD5-4EF5-B426-1530DEADA3FB}.Debug|Any CPU.Build.0 = Debug|Any CPU
		{70635314-5AD5-4EF5-B426-1530DEADA3FB}.Release|Any CPU.ActiveCfg = Release|Any CPU
		{70635314-5AD5-4EF5-B426-1530DEADA3FB}.Release|Any CPU.Build.0 = Release|Any CPU
	EndGlobalSection
	GlobalSection(SolutionProperties) = preSolution
		HideSolutionNode = FALSE
	EndGlobalSection
	GlobalSection(ExtensibilityGlobals) = postSolution
		SolutionGuid = {383E6722-5616-4660-9DE0-FB843830E549}
	EndGlobalSection
EndGlobal
